
Microsoft Visual Studio Solution File, Format Version 12.00
# Visual Studio Version 17
VisualStudioVersion = 17.4.33110.190
MinimumVisualStudioVersion = 10.0.40219.1
Project("{9A19103F-16F7-4668-BE54-9A1E7A4F7556}") = "Affärslager", "Affärslager\Affärslager.csproj", "{AFE34216-4BC2-45D6-BBB6-816514F3E756}"
	ProjectSection(ProjectDependencies) = postProject
		{BC063C6E-A6B1-4308-8D77-9251B8B27515} = {BC063C6E-A6B1-4308-8D77-9251B8B27515}
		{BF04D55D-B992-449B-A87E-05528F1990BE} = {BF04D55D-B992-449B-A87E-05528F1990BE}
	EndProjectSection
EndProject
Project("{9A19103F-16F7-4668-BE54-9A1E7A4F7556}") = "Datalager", "Datalager\Datalager.csproj", "{BF04D55D-B992-449B-A87E-05528F1990BE}"
	ProjectSection(ProjectDependencies) = postProject
		{BC063C6E-A6B1-4308-8D77-9251B8B27515} = {BC063C6E-A6B1-4308-8D77-9251B8B27515}
	EndProjectSection
EndProject
Project("{9A19103F-16F7-4668-BE54-9A1E7A4F7556}") = "Modellager", "Modellager\Modellager.csproj", "{BC063C6E-A6B1-4308-8D77-9251B8B27515}"
EndProject
Global
	GlobalSection(SolutionConfigurationPlatforms) = preSolution
		Debug|Any CPU = Debug|Any CPU
		Release|Any CPU = Release|Any CPU
	EndGlobalSection
	GlobalSection(ProjectConfigurationPlatforms) = postSolution
		{AFE34216-4BC2-45D6-BBB6-816514F3E756}.Debug|Any CPU.ActiveCfg = Debug|Any CPU
		{AFE34216-4BC2-45D6-BBB6-816514F3E756}.Debug|Any CPU.Build.0 = Debug|Any CPU
		{AFE34216-4BC2-45D6-BBB6-816514F3E756}.Release|Any CPU.ActiveCfg = Release|Any CPU
		{AFE34216-4BC2-45D6-BBB6-816514F3E756}.Release|Any CPU.Build.0 = Release|Any CPU
		{BF04D55D-B992-449B-A87E-05528F1990BE}.Debug|Any CPU.ActiveCfg = Debug|Any CPU
		{BF04D55D-B992-449B-A87E-05528F1990BE}.Debug|Any CPU.Build.0 = Debug|Any CPU
		{BF04D55D-B992-449B-A87E-05528F1990BE}.Release|Any CPU.ActiveCfg = Release|Any CPU
		{BF04D55D-B992-449B-A87E-05528F1990BE}.Release|Any CPU.Build.0 = Release|Any CPU
		{BC063C6E-A6B1-4308-8D77-9251B8B27515}.Debug|Any CPU.ActiveCfg = Debug|Any CPU
		{BC063C6E-A6B1-4308-8D77-9251B8B27515}.Debug|Any CPU.Build.0 = Debug|Any CPU
		{BC063C6E-A6B1-4308-8D77-9251B8B27515}.Release|Any CPU.ActiveCfg = Release|Any CPU
		{BC063C6E-A6B1-4308-8D77-9251B8B27515}.Release|Any CPU.Build.0 = Release|Any CPU
	EndGlobalSection
	GlobalSection(SolutionProperties) = preSolution
		HideSolutionNode = FALSE
	EndGlobalSection
	GlobalSection(ExtensibilityGlobals) = postSolution
		SolutionGuid = {D549FEAC-B6BC-4C7E-A733-F3213E36B6FC}
	EndGlobalSection
EndGlobal
